
Microsoft Visual Studio Solution File, Format Version 12.00
Project("{2150E333-8FDC-42A3-9474-1A3956D46DE8}") = "Mang", "Mang", "{119D8046-347A-49D4-AAEB-C2D27CA6A81B}"
EndProject
Project("{FAE04EC0-301F-11D3-BF4B-00C04F79EFBC}") = "Mang.MiniProgram.Api", "Mang\Mang.MiniProgram.Api\Mang.MiniProgram.Api.csproj", "{66538951-9C1C-4011-9BF9-9C03AA6E9589}"
EndProject
Project("{FAE04EC0-301F-11D3-BF4B-00C04F79EFBC}") = "Mang.Web", "Mang\Mang.Web\Mang.Web.csproj", "{980AAFC9-D502-4AF8-BB7B-7593CE383A66}"
EndProject
Project("{2150E333-8FDC-42A3-9474-1A3956D46DE8}") = "Mang.Common", "Mang.Common", "{2B0D0E07-D2F2-44AA-AC0F-9B151DBF4719}"
EndProject
Project("{FAE04EC0-301F-11D3-BF4B-00C04F79EFBC}") = "Mang.Infrastructure", "Mang.Common\Mang.Infrastructure\Mang.Infrastructure.csproj", "{CDA3D977-A481-4FF0-BAC8-B94702945019}"
EndProject
Project("{FAE04EC0-301F-11D3-BF4B-00C04F79EFBC}") = "Mang.Public", "Mang.Common\Mang.Public\Mang.Public.csproj", "{9E0AB5F1-DA94-425C-8F78-6E99781F6793}"
EndProject
Project("{FAE04EC0-301F-11D3-BF4B-00C04F79EFBC}") = "Mang.Web.Extension", "Mang.Common\Mang.Web.Extension\Mang.Web.Extension.csproj", "{35C2A67C-0816-4131-BEC0-4C46A67ADC51}"
EndProject
Project("{FAE04EC0-301F-11D3-BF4B-00C04F79EFBC}") = "Mang.Tasks", "Mang.Common\Mang.Tasks\Mang.Tasks.csproj", "{F6524A96-884A-41F6-BAB7-DFFC5A56F4A5}"
EndProject
Project("{FAE04EC0-301F-11D3-BF4B-00C04F79EFBC}") = "Mang.Application.Contract", "Mang\Mang.Application.Contract\Mang.Application.Contract.csproj", "{5AAFFAA4-C32D-4DB4-816B-55884B672711}"
EndProject
Project("{FAE04EC0-301F-11D3-BF4B-00C04F79EFBC}") = "Mang.Application", "Mang\Mang.Application\Mang.Application.csproj", "{825B5D55-E7DF-469C-9EF8-7715E6225D74}"
EndProject
Project("{FAE04EC0-301F-11D3-BF4B-00C04F79EFBC}") = "Mang.Domain", "Mang\Mang.Domain\Mang.Domain.csproj", "{7F160A65-CE44-4712-8320-EDFA467DCEA9}"
EndProject
Project("{FAE04EC0-301F-11D3-BF4B-00C04F79EFBC}") = "Mang.Domain.Shared", "Mang\Mang.Domain.Shared\Mang.Domain.Shared.csproj", "{649ACD9D-0959-45C9-B5C7-0A3BAAB6DD3C}"
EndProject
Project("{FAE04EC0-301F-11D3-BF4B-00C04F79EFBC}") = "Mang.ServiceBase", "Mang.Common\Mang.ServiceBase\Mang.ServiceBase.csproj", "{E2E6AF6C-CC7F-44A4-891F-BE0C2FC313F7}"
EndProject
Project("{FAE04EC0-301F-11D3-BF4B-00C04F79EFBC}") = "Mang.Test", "Mang\Mang.Test\Mang.Test.csproj", "{F61A8C60-E081-4B57-8B7B-794D82C31EA7}"
EndProject
Global
	GlobalSection(SolutionConfigurationPlatforms) = preSolution
		Debug|Any CPU = Debug|Any CPU
		Release|Any CPU = Release|Any CPU
	EndGlobalSection
	GlobalSection(ProjectConfigurationPlatforms) = postSolution
		{66538951-9C1C-4011-9BF9-9C03AA6E9589}.Debug|Any CPU.ActiveCfg = Debug|Any CPU
		{66538951-9C1C-4011-9BF9-9C03AA6E9589}.Debug|Any CPU.Build.0 = Debug|Any CPU
		{66538951-9C1C-4011-9BF9-9C03AA6E9589}.Release|Any CPU.ActiveCfg = Release|Any CPU
		{66538951-9C1C-4011-9BF9-9C03AA6E9589}.Release|Any CPU.Build.0 = Release|Any CPU
		{980AAFC9-D502-4AF8-BB7B-7593CE383A66}.Debug|Any CPU.ActiveCfg = Debug|Any CPU
		{980AAFC9-D502-4AF8-BB7B-7593CE383A66}.Debug|Any CPU.Build.0 = Debug|Any CPU
		{980AAFC9-D502-4AF8-BB7B-7593CE383A66}.Release|Any CPU.ActiveCfg = Release|Any CPU
		{980AAFC9-D502-4AF8-BB7B-7593CE383A66}.Release|Any CPU.Build.0 = Release|Any CPU
		{CDA3D977-A481-4FF0-BAC8-B94702945019}.Debug|Any CPU.ActiveCfg = Debug|Any CPU
		{CDA3D977-A481-4FF0-BAC8-B94702945019}.Debug|Any CPU.Build.0 = Debug|Any CPU
		{CDA3D977-A481-4FF0-BAC8-B94702945019}.Release|Any CPU.ActiveCfg = Release|Any CPU
		{CDA3D977-A481-4FF0-BAC8-B94702945019}.Release|Any CPU.Build.0 = Release|Any CPU
		{9E0AB5F1-DA94-425C-8F78-6E99781F6793}.Debug|Any CPU.ActiveCfg = Debug|Any CPU
		{9E0AB5F1-DA94-425C-8F78-6E99781F6793}.Debug|Any CPU.Build.0 = Debug|Any CPU
		{9E0AB5F1-DA94-425C-8F78-6E99781F6793}.Release|Any CPU.ActiveCfg = Release|Any CPU
		{9E0AB5F1-DA94-425C-8F78-6E99781F6793}.Release|Any CPU.Build.0 = Release|Any CPU
		{35C2A67C-0816-4131-BEC0-4C46A67ADC51}.Debug|Any CPU.ActiveCfg = Debug|Any CPU
		{35C2A67C-0816-4131-BEC0-4C46A67ADC51}.Debug|Any CPU.Build.0 = Debug|Any CPU
		{35C2A67C-0816-4131-BEC0-4C46A67ADC51}.Release|Any CPU.ActiveCfg = Release|Any CPU
		{35C2A67C-0816-4131-BEC0-4C46A67ADC51}.Release|Any CPU.Build.0 = Release|Any CPU
		{F6524A96-884A-41F6-BAB7-DFFC5A56F4A5}.Debug|Any CPU.ActiveCfg = Debug|Any CPU
		{F6524A96-884A-41F6-BAB7-DFFC5A56F4A5}.Debug|Any CPU.Build.0 = Debug|Any CPU
		{F6524A96-884A-41F6-BAB7-DFFC5A56F4A5}.Release|Any CPU.ActiveCfg = Release|Any CPU
		{F6524A96-884A-41F6-BAB7-DFFC5A56F4A5}.Release|Any CPU.Build.0 = Release|Any CPU
		{5AAFFAA4-C32D-4DB4-816B-55884B672711}.Debug|Any CPU.ActiveCfg = Debug|Any CPU
		{5AAFFAA4-C32D-4DB4-816B-55884B672711}.Debug|Any CPU.Build.0 = Debug|Any CPU
		{5AAFFAA4-C32D-4DB4-816B-55884B672711}.Release|Any CPU.ActiveCfg = Release|Any CPU
		{5AAFFAA4-C32D-4DB4-816B-55884B672711}.Release|Any CPU.Build.0 = Release|Any CPU
		{825B5D55-E7DF-469C-9EF8-7715E6225D74}.Debug|Any CPU.ActiveCfg = Debug|Any CPU
		{825B5D55-E7DF-469C-9EF8-7715E6225D74}.Debug|Any CPU.Build.0 = Debug|Any CPU
		{825B5D55-E7DF-469C-9EF8-7715E6225D74}.Release|Any CPU.ActiveCfg = Release|Any CPU
		{825B5D55-E7DF-469C-9EF8-7715E6225D74}.Release|Any CPU.Build.0 = Release|Any CPU
		{7F160A65-CE44-4712-8320-EDFA467DCEA9}.Debug|Any CPU.ActiveCfg = Debug|Any CPU
		{7F160A65-CE44-4712-8320-EDFA467DCEA9}.Debug|Any CPU.Build.0 = Debug|Any CPU
		{7F160A65-CE44-4712-8320-EDFA467DCEA9}.Release|Any CPU.ActiveCfg = Release|Any CPU
		{7F160A65-CE44-4712-8320-EDFA467DCEA9}.Release|Any CPU.Build.0 = Release|Any CPU
		{649ACD9D-0959-45C9-B5C7-0A3BAAB6DD3C}.Debug|Any CPU.ActiveCfg = Debug|Any CPU
		{649ACD9D-0959-45C9-B5C7-0A3BAAB6DD3C}.Debug|Any CPU.Build.0 = Debug|Any CPU
		{649ACD9D-0959-45C9-B5C7-0A3BAAB6DD3C}.Release|Any CPU.ActiveCfg = Release|Any CPU
		{649ACD9D-0959-45C9-B5C7-0A3BAAB6DD3C}.Release|Any CPU.Build.0 = Release|Any CPU
		{E2E6AF6C-CC7F-44A4-891F-BE0C2FC313F7}.Debug|Any CPU.ActiveCfg = Debug|Any CPU
		{E2E6AF6C-CC7F-44A4-891F-BE0C2FC313F7}.Debug|Any CPU.Build.0 = Debug|Any CPU
		{E2E6AF6C-CC7F-44A4-891F-BE0C2FC313F7}.Release|Any CPU.ActiveCfg = Release|Any CPU
		{E2E6AF6C-CC7F-44A4-891F-BE0C2FC313F7}.Release|Any CPU.Build.0 = Release|Any CPU
		{F61A8C60-E081-4B57-8B7B-794D82C31EA7}.Debug|Any CPU.ActiveCfg = Debug|Any CPU
		{F61A8C60-E081-4B57-8B7B-794D82C31EA7}.Debug|Any CPU.Build.0 = Debug|Any CPU
		{F61A8C60-E081-4B57-8B7B-794D82C31EA7}.Release|Any CPU.ActiveCfg = Release|Any CPU
		{F61A8C60-E081-4B57-8B7B-794D82C31EA7}.Release|Any CPU.Build.0 = Release|Any CPU
	EndGlobalSection
	GlobalSection(NestedProjects) = preSolution
		{66538951-9C1C-4011-9BF9-9C03AA6E9589} = {119D8046-347A-49D4-AAEB-C2D27CA6A81B}
		{980AAFC9-D502-4AF8-BB7B-7593CE383A66} = {119D8046-347A-49D4-AAEB-C2D27CA6A81B}
		{CDA3D977-A481-4FF0-BAC8-B94702945019} = {2B0D0E07-D2F2-44AA-AC0F-9B151DBF4719}
		{9E0AB5F1-DA94-425C-8F78-6E99781F6793} = {2B0D0E07-D2F2-44AA-AC0F-9B151DBF4719}
		{35C2A67C-0816-4131-BEC0-4C46A67ADC51} = {2B0D0E07-D2F2-44AA-AC0F-9B151DBF4719}
		{F6524A96-884A-41F6-BAB7-DFFC5A56F4A5} = {2B0D0E07-D2F2-44AA-AC0F-9B151DBF4719}
		{5AAFFAA4-C32D-4DB4-816B-55884B672711} = {119D8046-347A-49D4-AAEB-C2D27CA6A81B}
		{825B5D55-E7DF-469C-9EF8-7715E6225D74} = {119D8046-347A-49D4-AAEB-C2D27CA6A81B}
		{7F160A65-CE44-4712-8320-EDFA467DCEA9} = {119D8046-347A-49D4-AAEB-C2D27CA6A81B}
		{649ACD9D-0959-45C9-B5C7-0A3BAAB6DD3C} = {119D8046-347A-49D4-AAEB-C2D27CA6A81B}
		{E2E6AF6C-CC7F-44A4-891F-BE0C2FC313F7} = {2B0D0E07-D2F2-44AA-AC0F-9B151DBF4719}
		{F61A8C60-E081-4B57-8B7B-794D82C31EA7} = {119D8046-347A-49D4-AAEB-C2D27CA6A81B}
	EndGlobalSection
EndGlobal
